
Microsoft Visual Studio Solution File, Format Version 12.00
# Visual Studio Version 16
VisualStudioVersion = 16.0.32901.82
MinimumVisualStudioVersion = 10.0.40219.1
Project("{FAE04EC0-301F-11D3-BF4B-00C04F79EFBC}") = "App1", "App1\App1.csproj", "{5BD38F4E-FA00-4A08-BC48-218B0CD8A83E}"
EndProject
Global
	GlobalSection(SolutionConfigurationPlatforms) = preSolution
		Debug|Any CPU = Debug|Any CPU
		Release|Any CPU = Release|Any CPU
	EndGlobalSection
	GlobalSection(ProjectConfigurationPlatforms) = postSolution
		{5BD38F4E-FA00-4A08-BC48-218B0CD8A83E}.Debug|Any CPU.ActiveCfg = Debug|Any CPU
		{5BD38F4E-FA00-4A08-BC48-218B0CD8A83E}.Debug|Any CPU.Build.0 = Debug|Any CPU
		{5BD38F4E-FA00-4A08-BC48-218B0CD8A83E}.Release|Any CPU.ActiveCfg = Release|Any CPU
		{5BD38F4E-FA00-4A08-BC48-218B0CD8A83E}.Release|Any CPU.Build.0 = Release|Any CPU
	EndGlobalSection
	GlobalSection(SolutionProperties) = preSolution
		HideSolutionNode = FALSE
	EndGlobalSection
	GlobalSection(ExtensibilityGlobals) = postSolution
		SolutionGuid = {B2142B14-13B8-4206-B5FE-1F1E85B1342A}
	EndGlobalSection
EndGlobal
